// !$*UTF8*$!
{
	archiveVersion = 1;
	classes = {
	};
	objectVersion = 46;
	objects = {

/* Begin PBXBuildFile section */
		081406ED1EBC5C23009AD987 /* main.m in Sources */ = {isa = PBXBuildFile; fileRef = 081406EC1EBC5C23009AD987 /* main.m */; };
		081406F01EBC5C23009AD987 /* AppDelegate.m in Sources */ = {isa = PBXBuildFile; fileRef = 081406EF1EBC5C23009AD987 /* AppDelegate.m */; };
		081406F61EBC5C23009AD987 /* Main.storyboard in Resources */ = {isa = PBXBuildFile; fileRef = 081406F41EBC5C23009AD987 /* Main.storyboard */; };
		081406F81EBC5C23009AD987 /* Assets.xcassets in Resources */ = {isa = PBXBuildFile; fileRef = 081406F71EBC5C23009AD987 /* Assets.xcassets */; };
		081406FB1EBC5C23009AD987 /* LaunchScreen.storyboard in Resources */ = {isa = PBXBuildFile; fileRef = 081406F91EBC5C23009AD987 /* LaunchScreen.storyboard */; };
		081407241EBC8A6D009AD987 /* FindViewController.m in Sources */ = {isa = PBXBuildFile; fileRef = 081407161EBC8A6D009AD987 /* FindViewController.m */; };
		081407281EBC8A6D009AD987 /* UIColor+Hex.m in Sources */ = {isa = PBXBuildFile; fileRef = 081407211EBC8A6D009AD987 /* UIColor+Hex.m */; };
		081407291EBC8A6D009AD987 /* UIImage+UIColor.m in Sources */ = {isa = PBXBuildFile; fileRef = 081407231EBC8A6D009AD987 /* UIImage+UIColor.m */; };
		08214DB11EC478FB00D0D0BC /* QTTopCycleView.m in Sources */ = {isa = PBXBuildFile; fileRef = 08214DB01EC478FB00D0D0BC /* QTTopCycleView.m */; };
		08214DB41EC55CA000D0D0BC /* QTTopCollectionViewCell.m in Sources */ = {isa = PBXBuildFile; fileRef = 08214DB31EC55CA000D0D0BC /* QTTopCollectionViewCell.m */; };
		0836F6761EC02FCE005AE13A /* UIView+Frame.m in Sources */ = {isa = PBXBuildFile; fileRef = 0836F6751EC02FCE005AE13A /* UIView+Frame.m */; };
		086019B11ED8164400DDF1D1 /* QTDetailViewController.m in Sources */ = {isa = PBXBuildFile; fileRef = 086019AA1ED8164400DDF1D1 /* QTDetailViewController.m */; };
		086019B21ED8164400DDF1D1 /* QTOfficialViewController.m in Sources */ = {isa = PBXBuildFile; fileRef = 086019AD1ED8164400DDF1D1 /* QTOfficialViewController.m */; };
		086019B31ED8164400DDF1D1 /* QTPinterestViewController.m in Sources */ = {isa = PBXBuildFile; fileRef = 086019B01ED8164400DDF1D1 /* QTPinterestViewController.m */; };
		086019C01ED8186D00DDF1D1 /* QTOfficialCollectionViewCell.m in Sources */ = {isa = PBXBuildFile; fileRef = 086019BD1ED8186D00DDF1D1 /* QTOfficialCollectionViewCell.m */; };
		086019C11ED8186D00DDF1D1 /* QTPinterestCollectionViewCell.m in Sources */ = {isa = PBXBuildFile; fileRef = 086019BF1ED8186D00DDF1D1 /* QTPinterestCollectionViewCell.m */; };
		086019C51ED8189E00DDF1D1 /* QTCommentCell.m in Sources */ = {isa = PBXBuildFile; fileRef = 086019C41ED8189E00DDF1D1 /* QTCommentCell.m */; };
		08C582F81EE6ACE200611FBC /* QTPageContentView.m in Sources */ = {isa = PBXBuildFile; fileRef = 08C582F51EE6ACE200611FBC /* QTPageContentView.m */; };
		08C582F91EE6ACE200611FBC /* QTPageTitleView.m in Sources */ = {isa = PBXBuildFile; fileRef = 08C582F71EE6ACE200611FBC /* QTPageTitleView.m */; };
		4F5575161C8F4C7077B55B9D /* libPods-FindProjectDemo.a in Frameworks */ = {isa = PBXBuildFile; fileRef = 094A6296B43289D44A3098D8 /* libPods-FindProjectDemo.a */; };
/* End PBXBuildFile section */

/* Begin PBXFileReference section */
		081406E81EBC5C23009AD987 /* FindProjectDemo.app */ = {isa = PBXFileReference; explicitFileType = wrapper.application; includeInIndex = 0; path = FindProjectDemo.app; sourceTree = BUILT_PRODUCTS_DIR; };
		081406EC1EBC5C23009AD987 /* main.m */ = {isa = PBXFileReference; lastKnownFileType = sourcecode.c.objc; path = main.m; sourceTree = "<group>"; };
		081406EE1EBC5C23009AD987 /* AppDelegate.h */ = {isa = PBXFileReference; lastKnownFileType = sourcecode.c.h; path = AppDelegate.h; sourceTree = "<group>"; };
		081406EF1EBC5C23009AD987 /* AppDelegate.m */ = {isa = PBXFileReference; lastKnownFileType = sourcecode.c.objc; path = AppDelegate.m; sourceTree = "<group>"; };
		081406F51EBC5C23009AD987 /* Base */ = {isa = PBXFileReference; lastKnownFileType = file.storyboard; name = Base; path = Base.lproj/Main.storyboard; sourceTree = "<group>"; };
		081406F71EBC5C23009AD987 /* Assets.xcassets */ = {isa = PBXFileReference; lastKnownFileType = folder.assetcatalog; path = Assets.xcassets; sourceTree = "<group>"; };
		081406FA1EBC5C23009AD987 /* Base */ = {isa = PBXFileReference; lastKnownFileType = file.storyboard; name = Base; path = Base.lproj/LaunchScreen.storyboard; sourceTree = "<group>"; };
		081406FC1EBC5C23009AD987 /* Info.plist */ = {isa = PBXFileReference; lastKnownFileType = text.plist.xml; path = Info.plist; sourceTree = "<group>"; };
		081407051EBC6090009AD987 /* PrefixHeader.pch */ = {isa = PBXFileReference; fileEncoding = 4; lastKnownFileType = sourcecode.c.h; path = PrefixHeader.pch; sourceTree = "<group>"; };
		081407151EBC8A6D009AD987 /* FindViewController.h */ = {isa = PBXFileReference; fileEncoding = 4; lastKnownFileType = sourcecode.c.h; path = FindViewController.h; sourceTree = "<group>"; };
		081407161EBC8A6D009AD987 /* FindViewController.m */ = {isa = PBXFileReference; fileEncoding = 4; lastKnownFileType = sourcecode.c.objc; path = FindViewController.m; sourceTree = "<group>"; };
		081407201EBC8A6D009AD987 /* UIColor+Hex.h */ = {isa = PBXFileReference; fileEncoding = 4; lastKnownFileType = sourcecode.c.h; path = "UIColor+Hex.h"; sourceTree = "<group>"; };
		081407211EBC8A6D009AD987 /* UIColor+Hex.m */ = {isa = PBXFileReference; fileEncoding = 4; lastKnownFileType = sourcecode.c.objc; path = "UIColor+Hex.m"; sourceTree = "<group>"; };
		081407221EBC8A6D009AD987 /* UIImage+UIColor.h */ = {isa = PBXFileReference; fileEncoding = 4; lastKnownFileType = sourcecode.c.h; path = "UIImage+UIColor.h"; sourceTree = "<group>"; };
		081407231EBC8A6D009AD987 /* UIImage+UIColor.m */ = {isa = PBXFileReference; fileEncoding = 4; lastKnownFileType = sourcecode.c.objc; path = "UIImage+UIColor.m"; sourceTree = "<group>"; };
		08214DAF1EC478FB00D0D0BC /* QTTopCycleView.h */ = {isa = PBXFileReference; fileEncoding = 4; lastKnownFileType = sourcecode.c.h; path = QTTopCycleView.h; sourceTree = "<group>"; };
		08214DB01EC478FB00D0D0BC /* QTTopCycleView.m */ = {isa = PBXFileReference; fileEncoding = 4; lastKnownFileType = sourcecode.c.objc; path = QTTopCycleView.m; sourceTree = "<group>"; };
		08214DB21EC55CA000D0D0BC /* QTTopCollectionViewCell.h */ = {isa = PBXFileReference; fileEncoding = 4; lastKnownFileType = sourcecode.c.h; path = QTTopCollectionViewCell.h; sourceTree = "<group>"; };
		08214DB31EC55CA000D0D0BC /* QTTopCollectionViewCell.m */ = {isa = PBXFileReference; fileEncoding = 4; lastKnownFileType = sourcecode.c.objc; path = QTTopCollectionViewCell.m; sourceTree = "<group>"; };
		0836F6741EC02FCE005AE13A /* UIView+Frame.h */ = {isa = PBXFileReference; fileEncoding = 4; lastKnownFileType = sourcecode.c.h; path = "UIView+Frame.h"; sourceTree = "<group>"; };
		0836F6751EC02FCE005AE13A /* UIView+Frame.m */ = {isa = PBXFileReference; fileEncoding = 4; lastKnownFileType = sourcecode.c.objc; path = "UIView+Frame.m"; sourceTree = "<group>"; };
		086019A91ED8164400DDF1D1 /* QTDetailViewController.h */ = {isa = PBXFileReference; fileEncoding = 4; lastKnownFileType = sourcecode.c.h; path = QTDetailViewController.h; sourceTree = "<group>"; };
		086019AA1ED8164400DDF1D1 /* QTDetailViewController.m */ = {isa = PBXFileReference; fileEncoding = 4; lastKnownFileType = sourcecode.c.objc; path = QTDetailViewController.m; sourceTree = "<group>"; };
		086019AC1ED8164400DDF1D1 /* QTOfficialViewController.h */ = {isa = PBXFileReference; fileEncoding = 4; lastKnownFileType = sourcecode.c.h; path = QTOfficialViewController.h; sourceTree = "<group>"; };
		086019AD1ED8164400DDF1D1 /* QTOfficialViewController.m */ = {isa = PBXFileReference; fileEncoding = 4; lastKnownFileType = sourcecode.c.objc; path = QTOfficialViewController.m; sourceTree = "<group>"; };
		086019AF1ED8164400DDF1D1 /* QTPinterestViewController.h */ = {isa = PBXFileReference; fileEncoding = 4; lastKnownFileType = sourcecode.c.h; path = QTPinterestViewController.h; sourceTree = "<group>"; };
		086019B01ED8164400DDF1D1 /* QTPinterestViewController.m */ = {isa = PBXFileReference; fileEncoding = 4; lastKnownFileType = sourcecode.c.objc; path = QTPinterestViewController.m; sourceTree = "<group>"; };
		086019BC1ED8186D00DDF1D1 /* QTOfficialCollectionViewCell.h */ = {isa = PBXFileReference; fileEncoding = 4; lastKnownFileType = sourcecode.c.h; path = QTOfficialCollectionViewCell.h; sourceTree = "<group>"; };
		086019BD1ED8186D00DDF1D1 /* QTOfficialCollectionViewCell.m */ = {isa = PBXFileReference; fileEncoding = 4; lastKnownFileType = sourcecode.c.objc; path = QTOfficialCollectionViewCell.m; sourceTree = "<group>"; };
		086019BE1ED8186D00DDF1D1 /* QTPinterestCollectionViewCell.h */ = {isa = PBXFileReference; fileEncoding = 4; lastKnownFileType = sourcecode.c.h; path = QTPinterestCollectionViewCell.h; sourceTree = "<group>"; };
		086019BF1ED8186D00DDF1D1 /* QTPinterestCollectionViewCell.m */ = {isa = PBXFileReference; fileEncoding = 4; lastKnownFileType = sourcecode.c.objc; path = QTPinterestCollectionViewCell.m; sourceTree = "<group>"; };
		086019C31ED8189E00DDF1D1 /* QTCommentCell.h */ = {isa = PBXFileReference; fileEncoding = 4; lastKnownFileType = sourcecode.c.h; path = QTCommentCell.h; sourceTree = "<group>"; };
		086019C41ED8189E00DDF1D1 /* QTCommentCell.m */ = {isa = PBXFileReference; fileEncoding = 4; lastKnownFileType = sourcecode.c.objc; path = QTCommentCell.m; sourceTree = "<group>"; };
		08C582F41EE6ACE200611FBC /* QTPageContentView.h */ = {isa = PBXFileReference; fileEncoding = 4; lastKnownFileType = sourcecode.c.h; path = QTPageContentView.h; sourceTree = "<group>"; };
		08C582F51EE6ACE200611FBC /* QTPageContentView.m */ = {isa = PBXFileReference; fileEncoding = 4; lastKnownFileType = sourcecode.c.objc; path = QTPageContentView.m; sourceTree = "<group>"; };
		08C582F61EE6ACE200611FBC /* QTPageTitleView.h */ = {isa = PBXFileReference; fileEncoding = 4; lastKnownFileType = sourcecode.c.h; path = QTPageTitleView.h; sourceTree = "<group>"; };
		08C582F71EE6ACE200611FBC /* QTPageTitleView.m */ = {isa = PBXFileReference; fileEncoding = 4; lastKnownFileType = sourcecode.c.objc; path = QTPageTitleView.m; sourceTree = "<group>"; };
		094A6296B43289D44A3098D8 /* libPods-FindProjectDemo.a */ = {isa = PBXFileReference; explicitFileType = archive.ar; includeInIndex = 0; path = "libPods-FindProjectDemo.a"; sourceTree = BUILT_PRODUCTS_DIR; };
		99ACE6E93F8B31054ABA1F36 /* Pods-FindProjectDemo.release.xcconfig */ = {isa = PBXFileReference; includeInIndex = 1; lastKnownFileType = text.xcconfig; name = "Pods-FindProjectDemo.release.xcconfig"; path = "Pods/Target Support Files/Pods-FindProjectDemo/Pods-FindProjectDemo.release.xcconfig"; sourceTree = "<group>"; };
		C4930563DA501FE4D0D18E28 /* Pods-FindProjectDemo.debug.xcconfig */ = {isa = PBXFileReference; includeInIndex = 1; lastKnownFileType = text.xcconfig; name = "Pods-FindProjectDemo.debug.xcconfig"; path = "Pods/Target Support Files/Pods-FindProjectDemo/Pods-FindProjectDemo.debug.xcconfig"; sourceTree = "<group>"; };
/* End PBXFileReference section */

/* Begin PBXFrameworksBuildPhase section */
		081406E51EBC5C23009AD987 /* Frameworks */ = {
			isa = PBXFrameworksBuildPhase;
			buildActionMask = 2147483647;
			files = (
				4F5575161C8F4C7077B55B9D /* libPods-FindProjectDemo.a in Frameworks */,
			);
			runOnlyForDeploymentPostprocessing = 0;
		};
/* End PBXFrameworksBuildPhase section */

/* Begin PBXGroup section */
		081406DF1EBC5C23009AD987 = {
			isa = PBXGroup;
			children = (
				081406EA1EBC5C23009AD987 /* FindProjectDemo */,
				081406E91EBC5C23009AD987 /* Products */,
				15A42596E3F46F7260EA3701 /* Pods */,
				C1A1F7279C5EBA765764AB28 /* Frameworks */,
			);
			sourceTree = "<group>";
		};
		081406E91EBC5C23009AD987 /* Products */ = {
			isa = PBXGroup;
			children = (
				081406E81EBC5C23009AD987 /* FindProjectDemo.app */,
			);
			name = Products;
			sourceTree = "<group>";
		};
		081406EA1EBC5C23009AD987 /* FindProjectDemo */ = {
			isa = PBXGroup;
			children = (
				081407121EBC8A6D009AD987 /* Classes */,
				081406EE1EBC5C23009AD987 /* AppDelegate.h */,
				081406EF1EBC5C23009AD987 /* AppDelegate.m */,
				081407051EBC6090009AD987 /* PrefixHeader.pch */,
				081406F41EBC5C23009AD987 /* Main.storyboard */,
				081406F71EBC5C23009AD987 /* Assets.xcassets */,
				081406F91EBC5C23009AD987 /* LaunchScreen.storyboard */,
				081406FC1EBC5C23009AD987 /* Info.plist */,
				081406EB1EBC5C23009AD987 /* Supporting Files */,
			);
			path = FindProjectDemo;
			sourceTree = "<group>";
		};
		081406EB1EBC5C23009AD987 /* Supporting Files */ = {
			isa = PBXGroup;
			children = (
				081406EC1EBC5C23009AD987 /* main.m */,
			);
			name = "Supporting Files";
			sourceTree = "<group>";
		};
		081407121EBC8A6D009AD987 /* Classes */ = {
			isa = PBXGroup;
			children = (
				081407131EBC8A6D009AD987 /* Find */,
				0814071F1EBC8A6D009AD987 /* Other */,
			);
			path = Classes;
			sourceTree = "<group>";
		};
		081407131EBC8A6D009AD987 /* Find */ = {
			isa = PBXGroup;
			children = (
				0814071D1EBC8A6D009AD987 /* Model */,
				0814071E1EBC8A6D009AD987 /* View */,
				081407141EBC8A6D009AD987 /* Controller */,
			);
			path = Find;
			sourceTree = "<group>";
		};
		081407141EBC8A6D009AD987 /* Controller */ = {
			isa = PBXGroup;
			children = (
				081407151EBC8A6D009AD987 /* FindViewController.h */,
				081407161EBC8A6D009AD987 /* FindViewController.m */,
				086019AB1ED8164400DDF1D1 /* OfficialVC */,
				086019AE1ED8164400DDF1D1 /* PinterestVC */,
				086019A81ED8164400DDF1D1 /* DetailVC */,
			);
			path = Controller;
			sourceTree = "<group>";
		};
		0814071D1EBC8A6D009AD987 /* Model */ = {
			isa = PBXGroup;
			children = (
			);
			path = Model;
			sourceTree = "<group>";
		};
		0814071E1EBC8A6D009AD987 /* View */ = {
			isa = PBXGroup;
			children = (
				08C582F31EE6ACE200611FBC /* FindMain */,
				08214DAF1EC478FB00D0D0BC /* QTTopCycleView.h */,
				08214DB01EC478FB00D0D0BC /* QTTopCycleView.m */,
				08214DB21EC55CA000D0D0BC /* QTTopCollectionViewCell.h */,
				08214DB31EC55CA000D0D0BC /* QTTopCollectionViewCell.m */,
				086019BB1ED8186D00DDF1D1 /* Outside */,
				086019C21ED8189E00DDF1D1 /* Inside */,
			);
			path = View;
			sourceTree = "<group>";
		};
		0814071F1EBC8A6D009AD987 /* Other */ = {
			isa = PBXGroup;
			children = (
				0836F6741EC02FCE005AE13A /* UIView+Frame.h */,
				0836F6751EC02FCE005AE13A /* UIView+Frame.m */,
				081407201EBC8A6D009AD987 /* UIColor+Hex.h */,
				081407211EBC8A6D009AD987 /* UIColor+Hex.m */,
				081407221EBC8A6D009AD987 /* UIImage+UIColor.h */,
				081407231EBC8A6D009AD987 /* UIImage+UIColor.m */,
			);
			path = Other;
			sourceTree = "<group>";
		};
		086019A81ED8164400DDF1D1 /* DetailVC */ = {
			isa = PBXGroup;
			children = (
				086019A91ED8164400DDF1D1 /* QTDetailViewController.h */,
				086019AA1ED8164400DDF1D1 /* QTDetailViewController.m */,
			);
			path = DetailVC;
			sourceTree = "<group>";
		};
		086019AB1ED8164400DDF1D1 /* OfficialVC */ = {
			isa = PBXGroup;
			children = (
				086019AC1ED8164400DDF1D1 /* QTOfficialViewController.h */,
				086019AD1ED8164400DDF1D1 /* QTOfficialViewController.m */,
			);
			path = OfficialVC;
			sourceTree = "<group>";
		};
		086019AE1ED8164400DDF1D1 /* PinterestVC */ = {
			isa = PBXGroup;
			children = (
				086019AF1ED8164400DDF1D1 /* QTPinterestViewController.h */,
				086019B01ED8164400DDF1D1 /* QTPinterestViewController.m */,
			);
			path = PinterestVC;
			sourceTree = "<group>";
		};
		086019BB1ED8186D00DDF1D1 /* Outside */ = {
			isa = PBXGroup;
			children = (
				086019BC1ED8186D00DDF1D1 /* QTOfficialCollectionViewCell.h */,
				086019BD1ED8186D00DDF1D1 /* QTOfficialCollectionViewCell.m */,
				086019BE1ED8186D00DDF1D1 /* QTPinterestCollectionViewCell.h */,
				086019BF1ED8186D00DDF1D1 /* QTPinterestCollectionViewCell.m */,
			);
			path = Outside;
			sourceTree = "<group>";
		};
		086019C21ED8189E00DDF1D1 /* Inside */ = {
			isa = PBXGroup;
			children = (
				086019C31ED8189E00DDF1D1 /* QTCommentCell.h */,
				086019C41ED8189E00DDF1D1 /* QTCommentCell.m */,
			);
			path = Inside;
			sourceTree = "<group>";
		};
		08C582F31EE6ACE200611FBC /* FindMain */ = {
			isa = PBXGroup;
			children = (
				08C582F41EE6ACE200611FBC /* QTPageContentView.h */,
				08C582F51EE6ACE200611FBC /* QTPageContentView.m */,
				08C582F61EE6ACE200611FBC /* QTPageTitleView.h */,
				08C582F71EE6ACE200611FBC /* QTPageTitleView.m */,
			);
			path = FindMain;
			sourceTree = "<group>";
		};
		15A42596E3F46F7260EA3701 /* Pods */ = {
			isa = PBXGroup;
			children = (
				C4930563DA501FE4D0D18E28 /* Pods-FindProjectDemo.debug.xcconfig */,
				99ACE6E93F8B31054ABA1F36 /* Pods-FindProjectDemo.release.xcconfig */,
			);
			name = Pods;
			sourceTree = "<group>";
		};
		C1A1F7279C5EBA765764AB28 /* Frameworks */ = {
			isa = PBXGroup;
			children = (
				094A6296B43289D44A3098D8 /* libPods-FindProjectDemo.a */,
			);
			name = Frameworks;
			sourceTree = "<group>";
		};
/* End PBXGroup section */

/* Begin PBXNativeTarget section */
		081406E71EBC5C23009AD987 /* FindProjectDemo */ = {
			isa = PBXNativeTarget;
			buildConfigurationList = 081406FF1EBC5C23009AD987 /* Build configuration list for PBXNativeTarget "FindProjectDemo" */;
			buildPhases = (
				AD3ED5A3073173A4E8FD92E5 /* [CP] Check Pods Manifest.lock */,
				081406E41EBC5C23009AD987 /* Sources */,
				081406E51EBC5C23009AD987 /* Frameworks */,
				081406E61EBC5C23009AD987 /* Resources */,
				51244084D5FBB55CFE3B6BF7 /* [CP] Embed Pods Frameworks */,
				EF3318B9D47DE4211CE7330D /* [CP] Copy Pods Resources */,
			);
			buildRules = (
			);
			dependencies = (
			);
			name = FindProjectDemo;
			productName = FindProjectDemo;
			productReference = 081406E81EBC5C23009AD987 /* FindProjectDemo.app */;
			productType = "com.apple.product-type.application";
		};
/* End PBXNativeTarget section */

/* Begin PBXProject section */
		081406E01EBC5C23009AD987 /* Project object */ = {
			isa = PBXProject;
			attributes = {
				CLASSPREFIX = QT;
				LastUpgradeCheck = 0830;
				ORGANIZATIONNAME = QT;
				TargetAttributes = {
					081406E71EBC5C23009AD987 = {
						CreatedOnToolsVersion = 8.3.2;
						ProvisioningStyle = Manual;
					};
				};
			};
			buildConfigurationList = 081406E31EBC5C23009AD987 /* Build configuration list for PBXProject "FindProjectDemo" */;
			compatibilityVersion = "Xcode 3.2";
			developmentRegion = English;
			hasScannedForEncodings = 0;
			knownRegions = (
				en,
				Base,
			);
			mainGroup = 081406DF1EBC5C23009AD987;
			productRefGroup = 081406E91EBC5C23009AD987 /* Products */;
			projectDirPath = "";
			projectRoot = "";
			targets = (
				081406E71EBC5C23009AD987 /* FindProjectDemo */,
			);
		};
/* End PBXProject section */

/* Begin PBXResourcesBuildPhase section */
		081406E61EBC5C23009AD987 /* Resources */ = {
			isa = PBXResourcesBuildPhase;
			buildActionMask = 2147483647;
			files = (
				081406FB1EBC5C23009AD987 /* LaunchScreen.storyboard in Resources */,
				081406F81EBC5C23009AD987 /* Assets.xcassets in Resources */,
				081406F61EBC5C23009AD987 /* Main.storyboard in Resources */,
			);
			runOnlyForDeploymentPostprocessing = 0;
		};
/* End PBXResourcesBuildPhase section */

/* Begin PBXShellScriptBuildPhase section */
		51244084D5FBB55CFE3B6BF7 /* [CP] Embed Pods Frameworks */ = {
			isa = PBXShellScriptBuildPhase;
			buildActionMask = 2147483647;
			files = (
			);
			inputPaths = (
			);
			name = "[CP] Embed Pods Frameworks";
			outputPaths = (
			);
			runOnlyForDeploymentPostprocessing = 0;
			shellPath = /bin/sh;
			shellScript = "\"${SRCROOT}/Pods/Target Support Files/Pods-FindProjectDemo/Pods-FindProjectDemo-frameworks.sh\"\n";
			showEnvVarsInLog = 0;
		};
		AD3ED5A3073173A4E8FD92E5 /* [CP] Check Pods Manifest.lock */ = {
			isa = PBXShellScriptBuildPhase;
			buildActionMask = 2147483647;
			files = (
			);
			inputPaths = (
			);
			name = "[CP] Check Pods Manifest.lock";
			outputPaths = (
			);
			runOnlyForDeploymentPostprocessing = 0;
			shellPath = /bin/sh;
			shellScript = "diff \"${PODS_PODFILE_DIR_PATH}/Podfile.lock\" \"${PODS_ROOT}/Manifest.lock\" > /dev/null\nif [ $? != 0 ] ; then\n    # print error to STDERR\n    echo \"error: The sandbox is not in sync with the Podfile.lock. Run 'pod install' or update your CocoaPods installation.\" >&2\n    exit 1\nfi\n";
			showEnvVarsInLog = 0;
		};
		EF3318B9D47DE4211CE7330D /* [CP] Copy Pods Resources */ = {
			isa = PBXShellScriptBuildPhase;
			buildActionMask = 2147483647;
			files = (
			);
			inputPaths = (
			);
			name = "[CP] Copy Pods Resources";
			outputPaths = (
			);
			runOnlyForDeploymentPostprocessing = 0;
			shellPath = /bin/sh;
			shellScript = "\"${SRCROOT}/Pods/Target Support Files/Pods-FindProjectDemo/Pods-FindProjectDemo-resources.sh\"\n";
			showEnvVarsInLog = 0;
		};
/* End PBXShellScriptBuildPhase section */

/* Begin PBXSourcesBuildPhase section */
		081406E41EBC5C23009AD987 /* Sources */ = {
			isa = PBXSourcesBuildPhase;
			buildActionMask = 2147483647;
			files = (
				081407241EBC8A6D009AD987 /* FindViewController.m in Sources */,
				086019B21ED8164400DDF1D1 /* QTOfficialViewController.m in Sources */,
				086019C51ED8189E00DDF1D1 /* QTCommentCell.m in Sources */,
				086019B11ED8164400DDF1D1 /* QTDetailViewController.m in Sources */,
				086019C11ED8186D00DDF1D1 /* QTPinterestCollectionViewCell.m in Sources */,
				08C582F81EE6ACE200611FBC /* QTPageContentView.m in Sources */,
				081406F01EBC5C23009AD987 /* AppDelegate.m in Sources */,
				086019C01ED8186D00DDF1D1 /* QTOfficialCollectionViewCell.m in Sources */,
				081407281EBC8A6D009AD987 /* UIColor+Hex.m in Sources */,
				086019B31ED8164400DDF1D1 /* QTPinterestViewController.m in Sources */,
				081407291EBC8A6D009AD987 /* UIImage+UIColor.m in Sources */,
				08C582F91EE6ACE200611FBC /* QTPageTitleView.m in Sources */,
				081406ED1EBC5C23009AD987 /* main.m in Sources */,
				08214DB41EC55CA000D0D0BC /* QTTopCollectionViewCell.m in Sources */,
				08214DB11EC478FB00D0D0BC /* QTTopCycleView.m in Sources */,
				0836F6761EC02FCE005AE13A /* UIView+Frame.m in Sources */,
			);
			runOnlyForDeploymentPostprocessing = 0;
		};
/* End PBXSourcesBuildPhase section */

/* Begin PBXVariantGroup section */
		081406F41EBC5C23009AD987 /* Main.storyboard */ = {
			isa = PBXVariantGroup;
			children = (
				081406F51EBC5C23009AD987 /* Base */,
			);
			name = Main.storyboard;
			sourceTree = "<group>";
		};
		081406F91EBC5C23009AD987 /* LaunchScreen.storyboard */ = {
			isa = PBXVariantGroup;
			children = (
				081406FA1EBC5C23009AD987 /* Base */,
			);
			name = LaunchScreen.storyboard;
			sourceTree = "<group>";
		};
/* End PBXVariantGroup section */

/* Begin XCBuildConfiguration section */
		081406FD1EBC5C23009AD987 /* Debug */ = {
			isa = XCBuildConfiguration;
			buildSettings = {
				ALWAYS_SEARCH_USER_PATHS = NO;
				CLANG_ANALYZER_NONNULL = YES;
				CLANG_ANALYZER_NUMBER_OBJECT_CONVERSION = YES_AGGRESSIVE;
				CLANG_CXX_LANGUAGE_STANDARD = "gnu++0x";
				CLANG_CXX_LIBRARY = "libc++";
				CLANG_ENABLE_MODULES = YES;
				CLANG_ENABLE_OBJC_ARC = YES;
				CLANG_WARN_BOOL_CONVERSION = YES;
				CLANG_WARN_CONSTANT_CONVERSION = YES;
				CLANG_WARN_DIRECT_OBJC_ISA_USAGE = YES_ERROR;
				CLANG_WARN_DOCUMENTATION_COMMENTS = YES;
				CLANG_WARN_EMPTY_BODY = YES;
				CLANG_WARN_ENUM_CONVERSION = YES;
				CLANG_WARN_INFINITE_RECURSION = YES;
				CLANG_WARN_INT_CONVERSION = YES;
				CLANG_WARN_OBJC_ROOT_CLASS = YES_ERROR;
				CLANG_WARN_SUSPICIOUS_MOVE = YES;
				CLANG_WARN_UNREACHABLE_CODE = YES;
				CLANG_WARN__DUPLICATE_METHOD_MATCH = YES;
				"CODE_SIGN_IDENTITY[sdk=iphoneos*]" = "iPhone Developer";
				COPY_PHASE_STRIP = NO;
				DEBUG_INFORMATION_FORMAT = dwarf;
				ENABLE_STRICT_OBJC_MSGSEND = YES;
				ENABLE_TESTABILITY = YES;
				GCC_C_LANGUAGE_STANDARD = gnu99;
				GCC_DYNAMIC_NO_PIC = NO;
				GCC_NO_COMMON_BLOCKS = YES;
				GCC_OPTIMIZATION_LEVEL = 0;
				GCC_PREPROCESSOR_DEFINITIONS = (
					"DEBUG=1",
					"$(inherited)",
				);
				GCC_WARN_64_TO_32_BIT_CONVERSION = YES;
				GCC_WARN_ABOUT_RETURN_TYPE = YES_ERROR;
				GCC_WARN_UNDECLARED_SELECTOR = YES;
				GCC_WARN_UNINITIALIZED_AUTOS = YES_AGGRESSIVE;
				GCC_WARN_UNUSED_FUNCTION = YES;
				GCC_WARN_UNUSED_VARIABLE = YES;
				IPHONEOS_DEPLOYMENT_TARGET = 9.0;
				MTL_ENABLE_DEBUG_INFO = YES;
				ONLY_ACTIVE_ARCH = YES;
				SDKROOT = iphoneos;
			};
			name = Debug;
		};
		081406FE1EBC5C23009AD987 /* Release */ = {
			isa = XCBuildConfiguration;
			buildSettings = {
				ALWAYS_SEARCH_USER_PATHS = NO;
				CLANG_ANALYZER_NONNULL = YES;
				CLANG_ANALYZER_NUMBER_OBJECT_CONVERSION = YES_AGGRESSIVE;
				CLANG_CXX_LANGUAGE_STANDARD = "gnu++0x";
				CLANG_CXX_LIBRARY = "libc++";
				CLANG_ENABLE_MODULES = YES;
				CLANG_ENABLE_OBJC_ARC = YES;
				CLANG_WARN_BOOL_CONVERSION = YES;
				CLANG_WARN_CONSTANT_CONVERSION = YES;
				CLANG_WARN_DIRECT_OBJC_ISA_USAGE = YES_ERROR;
				CLANG_WARN_DOCUMENTATION_COMMENTS = YES;
				CLANG_WARN_EMPTY_BODY = YES;
				CLANG_WARN_ENUM_CONVERSION = YES;
				CLANG_WARN_INFINITE_RECURSION = YES;
				CLANG_WARN_INT_CONVERSION = YES;
				CLANG_WARN_OBJC_ROOT_CLASS = YES_ERROR;
				CLANG_WARN_SUSPICIOUS_MOVE = YES;
				CLANG_WARN_UNREACHABLE_CODE = YES;
				CLANG_WARN__DUPLICATE_METHOD_MATCH = YES;
				"CODE_SIGN_IDENTITY[sdk=iphoneos*]" = "iPhone Developer";
				COPY_PHASE_STRIP = NO;
				DEBUG_INFORMATION_FORMAT = "dwarf-with-dsym";
				ENABLE_NS_ASSERTIONS = NO;
				ENABLE_STRICT_OBJC_MSGSEND = YES;
				GCC_C_LANGUAGE_STANDARD = gnu99;
				GCC_NO_COMMON_BLOCKS = YES;
				GCC_WARN_64_TO_32_BIT_CONVERSION = YES;
				GCC_WARN_ABOUT_RETURN_TYPE = YES_ERROR;
				GCC_WARN_UNDECLARED_SELECTOR = YES;
				GCC_WARN_UNINITIALIZED_AUTOS = YES_AGGRESSIVE;
				GCC_WARN_UNUSED_FUNCTION = YES;
				GCC_WARN_UNUSED_VARIABLE = YES;
				IPHONEOS_DEPLOYMENT_TARGET = 9.0;
				MTL_ENABLE_DEBUG_INFO = NO;
				SDKROOT = iphoneos;
				VALIDATE_PRODUCT = YES;
			};
			name = Release;
		};
		081407001EBC5C23009AD987 /* Debug */ = {
			isa = XCBuildConfiguration;
			baseConfigurationReference = C4930563DA501FE4D0D18E28 /* Pods-FindProjectDemo.debug.xcconfig */;
			buildSettings = {
				ASSETCATALOG_COMPILER_APPICON_NAME = AppIcon;
				DEVELOPMENT_TEAM = "";
				GCC_PRECOMPILE_PREFIX_HEADER = YES;
				GCC_PREFIX_HEADER = FindProjectDemo/PrefixHeader.pch;
				INFOPLIST_FILE = FindProjectDemo/Info.plist;
				IPHONEOS_DEPLOYMENT_TARGET = 9.0;
				LD_RUNPATH_SEARCH_PATHS = "$(inherited) @executable_path/Frameworks";
				PRODUCT_BUNDLE_IDENTIFIER = com.QT.FindProjectDemo;
				PRODUCT_NAME = "$(TARGET_NAME)";
				PROVISIONING_PROFILE_SPECIFIER = "";
			};
			name = Debug;
		};
		081407011EBC5C23009AD987 /* Release */ = {
			isa = XCBuildConfiguration;
			baseConfigurationReference = 99ACE6E93F8B31054ABA1F36 /* Pods-FindProjectDemo.release.xcconfig */;
			buildSettings = {
				ASSETCATALOG_COMPILER_APPICON_NAME = AppIcon;
				DEVELOPMENT_TEAM = "";
				GCC_PRECOMPILE_PREFIX_HEADER = YES;
				GCC_PREFIX_HEADER = FindProjectDemo/PrefixHeader.pch;
				INFOPLIST_FILE = FindProjectDemo/Info.plist;
				IPHONEOS_DEPLOYMENT_TARGET = 9.0;
				LD_RUNPATH_SEARCH_PATHS = "$(inherited) @executable_path/Frameworks";
				PRODUCT_BUNDLE_IDENTIFIER = com.QT.FindProjectDemo;
				PRODUCT_NAME = "$(TARGET_NAME)";
				PROVISIONING_PROFILE_SPECIFIER = "";
			};
			name = Release;
		};
/* End XCBuildConfiguration section */

/* Begin XCConfigurationList section */
		081406E31EBC5C23009AD987 /* Build configuration list for PBXProject "FindProjectDemo" */ = {
			isa = XCConfigurationList;
			buildConfigurations = (
				081406FD1EBC5C23009AD987 /* Debug */,
				081406FE1EBC5C23009AD987 /* Release */,
			);
			defaultConfigurationIsVisible = 0;
			defaultConfigurationName = Release;
		};
		081406FF1EBC5C23009AD987 /* Build configuration list for PBXNativeTarget "FindProjectDemo" */ = {
			isa = XCConfigurationList;
			buildConfigurations = (
				081407001EBC5C23009AD987 /* Debug */,
				081407011EBC5C23009AD987 /* Release */,
			);
			defaultConfigurationIsVisible = 0;
			defaultConfigurationName = Release;
		};
/* End XCConfigurationList section */
	};
	rootObject = 081406E01EBC5C23009AD987 /* Project object */;
}
